
Microsoft Visual Studio Solution File, Format Version 12.00
# Visual Studio Version 17
VisualStudioVersion = 17.13.35818.85 d17.13
MinimumVisualStudioVersion = 10.0.40219.1
Project("{FAE04EC0-301F-11D3-BF4B-00C04F79EFBC}") = "OrderManagementSystem", "OrderManagementSystem\OrderManagementSystem.csproj", "{4DE1465E-A1EF-4AC7-B4C0-137D90165189}"
EndProject
Project("{FAE04EC0-301F-11D3-BF4B-00C04F79EFBC}") = "Domain", "Domain\Domain.csproj", "{C9788B10-0B30-45DD-90BD-5812A1F20FFF}"
EndProject
Project("{FAE04EC0-301F-11D3-BF4B-00C04F79EFBC}") = "Services", "Services\Services.csproj", "{E999CF68-113D-46F2-91F5-F0DC2DBF179F}"
EndProject
Project("{FAE04EC0-301F-11D3-BF4B-00C04F79EFBC}") = "ServicesAbstraction", "ServicesAbstraction\ServicesAbstraction.csproj", "{A122FD5C-B7D7-4BAE-B373-23AE032F84AE}"
EndProject
Project("{2150E333-8FDC-42A3-9474-1A3956D46DE8}") = "Core", "Core", "{02EA681E-C7D8-13C7-8484-4AC65E1B71E8}"
EndProject
Project("{2150E333-8FDC-42A3-9474-1A3956D46DE8}") = "infrastructure", "infrastructure", "{52742BC4-B4AE-40C2-8429-1F84EDE43F6E}"
EndProject
Project("{FAE04EC0-301F-11D3-BF4B-00C04F79EFBC}") = "Persistence", "Persistence\Persistence.csproj", "{119CF798-BDB8-44F7-B619-F7AE8AA7233F}"
EndProject
Project("{FAE04EC0-301F-11D3-BF4B-00C04F79EFBC}") = "Presentation", "Presentation\Presentation.csproj", "{4D10F1EF-DBE2-4C65-8017-B332111BFA06}"
EndProject
Project("{FAE04EC0-301F-11D3-BF4B-00C04F79EFBC}") = "Shared", "Shared\Shared.csproj", "{44B3130C-4C0A-4E51-8F5E-E3D1905BBAC9}"
EndProject
Global
	GlobalSection(SolutionConfigurationPlatforms) = preSolution
		Debug|Any CPU = Debug|Any CPU
		Release|Any CPU = Release|Any CPU
	EndGlobalSection
	GlobalSection(ProjectConfigurationPlatforms) = postSolution
		{4DE1465E-A1EF-4AC7-B4C0-137D90165189}.Debug|Any CPU.ActiveCfg = Debug|Any CPU
		{4DE1465E-A1EF-4AC7-B4C0-137D90165189}.Debug|Any CPU.Build.0 = Debug|Any CPU
		{4DE1465E-A1EF-4AC7-B4C0-137D90165189}.Release|Any CPU.ActiveCfg = Release|Any CPU
		{4DE1465E-A1EF-4AC7-B4C0-137D90165189}.Release|Any CPU.Build.0 = Release|Any CPU
		{C9788B10-0B30-45DD-90BD-5812A1F20FFF}.Debug|Any CPU.ActiveCfg = Debug|Any CPU
		{C9788B10-0B30-45DD-90BD-5812A1F20FFF}.Debug|Any CPU.Build.0 = Debug|Any CPU
		{C9788B10-0B30-45DD-90BD-5812A1F20FFF}.Release|Any CPU.ActiveCfg = Release|Any CPU
		{C9788B10-0B30-45DD-90BD-5812A1F20FFF}.Release|Any CPU.Build.0 = Release|Any CPU
		{E999CF68-113D-46F2-91F5-F0DC2DBF179F}.Debug|Any CPU.ActiveCfg = Debug|Any CPU
		{E999CF68-113D-46F2-91F5-F0DC2DBF179F}.Debug|Any CPU.Build.0 = Debug|Any CPU
		{E999CF68-113D-46F2-91F5-F0DC2DBF179F}.Release|Any CPU.ActiveCfg = Release|Any CPU
		{E999CF68-113D-46F2-91F5-F0DC2DBF179F}.Release|Any CPU.Build.0 = Release|Any CPU
		{A122FD5C-B7D7-4BAE-B373-23AE032F84AE}.Debug|Any CPU.ActiveCfg = Debug|Any CPU
		{A122FD5C-B7D7-4BAE-B373-23AE032F84AE}.Debug|Any CPU.Build.0 = Debug|Any CPU
		{A122FD5C-B7D7-4BAE-B373-23AE032F84AE}.Release|Any CPU.ActiveCfg = Release|Any CPU
		{A122FD5C-B7D7-4BAE-B373-23AE032F84AE}.Release|Any CPU.Build.0 = Release|Any CPU
		{119CF798-BDB8-44F7-B619-F7AE8AA7233F}.Debug|Any CPU.ActiveCfg = Debug|Any CPU
		{119CF798-BDB8-44F7-B619-F7AE8AA7233F}.Debug|Any CPU.Build.0 = Debug|Any CPU
		{119CF798-BDB8-44F7-B619-F7AE8AA7233F}.Release|Any CPU.ActiveCfg = Release|Any CPU
		{119CF798-BDB8-44F7-B619-F7AE8AA7233F}.Release|Any CPU.Build.0 = Release|Any CPU
		{4D10F1EF-DBE2-4C65-8017-B332111BFA06}.Debug|Any CPU.ActiveCfg = Debug|Any CPU
		{4D10F1EF-DBE2-4C65-8017-B332111BFA06}.Debug|Any CPU.Build.0 = Debug|Any CPU
		{4D10F1EF-DBE2-4C65-8017-B332111BFA06}.Release|Any CPU.ActiveCfg = Release|Any CPU
		{4D10F1EF-DBE2-4C65-8017-B332111BFA06}.Release|Any CPU.Build.0 = Release|Any CPU
		{44B3130C-4C0A-4E51-8F5E-E3D1905BBAC9}.Debug|Any CPU.ActiveCfg = Debug|Any CPU
		{44B3130C-4C0A-4E51-8F5E-E3D1905BBAC9}.Debug|Any CPU.Build.0 = Debug|Any CPU
		{44B3130C-4C0A-4E51-8F5E-E3D1905BBAC9}.Release|Any CPU.ActiveCfg = Release|Any CPU
		{44B3130C-4C0A-4E51-8F5E-E3D1905BBAC9}.Release|Any CPU.Build.0 = Release|Any CPU
	EndGlobalSection
	GlobalSection(SolutionProperties) = preSolution
		HideSolutionNode = FALSE
	EndGlobalSection
	GlobalSection(NestedProjects) = preSolution
		{C9788B10-0B30-45DD-90BD-5812A1F20FFF} = {02EA681E-C7D8-13C7-8484-4AC65E1B71E8}
		{E999CF68-113D-46F2-91F5-F0DC2DBF179F} = {02EA681E-C7D8-13C7-8484-4AC65E1B71E8}
		{A122FD5C-B7D7-4BAE-B373-23AE032F84AE} = {02EA681E-C7D8-13C7-8484-4AC65E1B71E8}
		{119CF798-BDB8-44F7-B619-F7AE8AA7233F} = {52742BC4-B4AE-40C2-8429-1F84EDE43F6E}
		{4D10F1EF-DBE2-4C65-8017-B332111BFA06} = {52742BC4-B4AE-40C2-8429-1F84EDE43F6E}
	EndGlobalSection
	GlobalSection(ExtensibilityGlobals) = postSolution
		SolutionGuid = {B7AFDAD0-3372-420E-ABE0-1D93A4DDBCEF}
	EndGlobalSection
EndGlobal
